
Microsoft Visual Studio Solution File, Format Version 12.00
# Visual Studio Version 16
VisualStudioVersion = 16.0.32901.82
MinimumVisualStudioVersion = 10.0.40219.1
Project("{FAE04EC0-301F-11D3-BF4B-00C04F79EFBC}") = "1000", "Class1\1000.csproj", "{1C6920F6-1054-4D75-9EAB-7611380B2B47}"
EndProject
Project("{9A19103F-16F7-4668-BE54-9A1E7A4F7556}") = "1001", "1001\1001.csproj", "{5FC1762C-36EB-40DC-96F0-2CCBF7C98D3C}"
EndProject
Project("{9A19103F-16F7-4668-BE54-9A1E7A4F7556}") = "1008", "1008\1008.csproj", "{516222D1-659F-4AE7-981B-B24EC14EE510}"
EndProject
Project("{9A19103F-16F7-4668-BE54-9A1E7A4F7556}") = "1152", "1152\1152.csproj", "{FBDDA772-11A7-447A-AF2B-1890D4F87D95}"
EndProject
Project("{9A19103F-16F7-4668-BE54-9A1E7A4F7556}") = "1157", "1157\1157.csproj", "{4788F2D9-1A1E-4BE6-AA0E-E6A3A8871CFF}"
EndProject
Project("{9A19103F-16F7-4668-BE54-9A1E7A4F7556}") = "1330", "1330\1330.csproj", "{C9C941DF-9B1F-4138-9796-F958C8EEAF06}"
EndProject
Project("{9A19103F-16F7-4668-BE54-9A1E7A4F7556}") = "1546", "1546\1546.csproj", "{EB90737F-456B-4037-9621-8108C635CA1D}"
EndProject
Project("{9A19103F-16F7-4668-BE54-9A1E7A4F7556}") = "2438", "2438\2438.csproj", "{BD08402F-FCD4-4D34-9FD9-B6E6589A9F28}"
EndProject
Project("{9A19103F-16F7-4668-BE54-9A1E7A4F7556}") = "2439", "2439\2439.csproj", "{50B1954E-DFDF-40FB-BA86-E9AC98FB682A}"
EndProject
Project("{9A19103F-16F7-4668-BE54-9A1E7A4F7556}") = "2475", "2475\2475.csproj", "{4ECD3479-DE02-4B15-885C-0D541668C1F9}"
EndProject
Project("{9A19103F-16F7-4668-BE54-9A1E7A4F7556}") = "2557", "2557\2557.csproj", "{1D74A6A5-BAE2-4ABA-981E-4ED131A1A455}"
EndProject
Project("{9A19103F-16F7-4668-BE54-9A1E7A4F7556}") = "2562", "2562\2562.csproj", "{02F6B7CB-034A-4B8F-8D71-C1E232AD09FC}"
EndProject
Project("{9A19103F-16F7-4668-BE54-9A1E7A4F7556}") = "2577", "2577\2577.csproj", "{1C28F694-4B34-4787-8984-8F12BD1AECB1}"
EndProject
Project("{9A19103F-16F7-4668-BE54-9A1E7A4F7556}") = "2675", "2675\2675.csproj", "{4597700B-A424-4B0C-A749-DD19AF7BEB9E}"
EndProject
Project("{9A19103F-16F7-4668-BE54-9A1E7A4F7556}") = "2739", "2739\2739.csproj", "{67EA7A44-913F-4530-A7D5-D5F28AE1BDC2}"
EndProject
Project("{9A19103F-16F7-4668-BE54-9A1E7A4F7556}") = "2741", "2741\2741.csproj", "{3F5CF083-D82E-42D9-8894-59B1110E7553}"
EndProject
Project("{9A19103F-16F7-4668-BE54-9A1E7A4F7556}") = "2742", "2742\2742.csproj", "{681DAA19-B479-4587-83DF-CCFD15F185E6}"
EndProject
Project("{9A19103F-16F7-4668-BE54-9A1E7A4F7556}") = "2753", "2753\2753.csproj", "{CFBAF42F-52CE-4249-872D-5FAD492CD054}"
EndProject
Project("{9A19103F-16F7-4668-BE54-9A1E7A4F7556}") = "2884", "2884\2884.csproj", "{987F28F6-F210-4EA6-AB57-B3E6B13A76D4}"
EndProject
Project("{9A19103F-16F7-4668-BE54-9A1E7A4F7556}") = "2908", "2908\2908.csproj", "{291700AA-FF66-435C-9148-1DE03398A959}"
EndProject
Project("{9A19103F-16F7-4668-BE54-9A1E7A4F7556}") = "3052", "3052\3052.csproj", "{4A1E98FF-D835-495F-9E21-47F20528DD4F}"
EndProject
Project("{9A19103F-16F7-4668-BE54-9A1E7A4F7556}") = "8958", "8958\8958.csproj", "{CDBFCE03-A1F4-4542-8C5D-502685763C8D}"
EndProject
Project("{9A19103F-16F7-4668-BE54-9A1E7A4F7556}") = "9498", "9498\9498.csproj", "{AD56969B-980D-4440-A7FE-27A3BC2F766A}"
EndProject
Project("{9A19103F-16F7-4668-BE54-9A1E7A4F7556}") = "10171", "10171\10171.csproj", "{330E6C89-894E-4145-A9D8-1B1537892545}"
EndProject
Project("{9A19103F-16F7-4668-BE54-9A1E7A4F7556}") = "10172", "10172\10172.csproj", "{0425A0D9-F1F5-4949-8094-B5BE5073D912}"
EndProject
Project("{9A19103F-16F7-4668-BE54-9A1E7A4F7556}") = "10809", "10809\10809.csproj", "{263BDCB5-8562-4127-9C81-293C716AB794}"
EndProject
Project("{9A19103F-16F7-4668-BE54-9A1E7A4F7556}") = "10818", "10818\10818.csproj", "{1764E367-B733-43ED-A97B-D9AC4C2A356E}"
EndProject
Project("{9A19103F-16F7-4668-BE54-9A1E7A4F7556}") = "10869", "10869\10869.csproj", "{3085E5BC-7727-4931-8511-D190EE57B74D}"
EndProject
Project("{9A19103F-16F7-4668-BE54-9A1E7A4F7556}") = "10871", "10871\10871.csproj", "{2A82A033-E094-4AFD-845E-164DB02832E1}"
EndProject
Project("{FAE04EC0-301F-11D3-BF4B-00C04F79EFBC}") = "10950", "10950\10950.csproj", "{9A6F3F5C-169D-4E58-BE28-B28C0078AC1A}"
EndProject
Project("{FAE04EC0-301F-11D3-BF4B-00C04F79EFBC}") = "10951", "10951\10951.csproj", "{6D4C5495-81AB-4EE9-9CC5-00B47CCDDCD1}"
EndProject
Project("{FAE04EC0-301F-11D3-BF4B-00C04F79EFBC}") = "10952", "10952\10952.csproj", "{07302B2A-2AE4-4476-91AA-F62E7FC1D401}"
EndProject
Project("{FAE04EC0-301F-11D3-BF4B-00C04F79EFBC}") = "10998", "10998\10998.csproj", "{A851A024-B585-4A6A-92DD-6F3BA5AFECCC}"
EndProject
Project("{FAE04EC0-301F-11D3-BF4B-00C04F79EFBC}") = "11654", "11654\11654.csproj", "{57C25AF7-6398-43EF-89C2-69D5FC6354AF}"
EndProject
Global
	GlobalSection(SolutionConfigurationPlatforms) = preSolution
		Debug|Any CPU = Debug|Any CPU
		Release|Any CPU = Release|Any CPU
	EndGlobalSection
	GlobalSection(ProjectConfigurationPlatforms) = postSolution
		{1C6920F6-1054-4D75-9EAB-7611380B2B47}.Debug|Any CPU.ActiveCfg = Debug|Any CPU
		{1C6920F6-1054-4D75-9EAB-7611380B2B47}.Debug|Any CPU.Build.0 = Debug|Any CPU
		{1C6920F6-1054-4D75-9EAB-7611380B2B47}.Release|Any CPU.ActiveCfg = Release|Any CPU
		{1C6920F6-1054-4D75-9EAB-7611380B2B47}.Release|Any CPU.Build.0 = Release|Any CPU
		{5FC1762C-36EB-40DC-96F0-2CCBF7C98D3C}.Debug|Any CPU.ActiveCfg = Debug|Any CPU
		{5FC1762C-36EB-40DC-96F0-2CCBF7C98D3C}.Debug|Any CPU.Build.0 = Debug|Any CPU
		{5FC1762C-36EB-40DC-96F0-2CCBF7C98D3C}.Release|Any CPU.ActiveCfg = Release|Any CPU
		{5FC1762C-36EB-40DC-96F0-2CCBF7C98D3C}.Release|Any CPU.Build.0 = Release|Any CPU
		{516222D1-659F-4AE7-981B-B24EC14EE510}.Debug|Any CPU.ActiveCfg = Debug|Any CPU
		{516222D1-659F-4AE7-981B-B24EC14EE510}.Debug|Any CPU.Build.0 = Debug|Any CPU
		{516222D1-659F-4AE7-981B-B24EC14EE510}.Release|Any CPU.ActiveCfg = Release|Any CPU
		{516222D1-659F-4AE7-981B-B24EC14EE510}.Release|Any CPU.Build.0 = Release|Any CPU
		{FBDDA772-11A7-447A-AF2B-1890D4F87D95}.Debug|Any CPU.ActiveCfg = Debug|Any CPU
		{FBDDA772-11A7-447A-AF2B-1890D4F87D95}.Debug|Any CPU.Build.0 = Debug|Any CPU
		{FBDDA772-11A7-447A-AF2B-1890D4F87D95}.Release|Any CPU.ActiveCfg = Release|Any CPU
		{FBDDA772-11A7-447A-AF2B-1890D4F87D95}.Release|Any CPU.Build.0 = Release|Any CPU
		{4788F2D9-1A1E-4BE6-AA0E-E6A3A8871CFF}.Debug|Any CPU.ActiveCfg = Debug|Any CPU
		{4788F2D9-1A1E-4BE6-AA0E-E6A3A8871CFF}.Debug|Any CPU.Build.0 = Debug|Any CPU
		{4788F2D9-1A1E-4BE6-AA0E-E6A3A8871CFF}.Release|Any CPU.ActiveCfg = Release|Any CPU
		{4788F2D9-1A1E-4BE6-AA0E-E6A3A8871CFF}.Release|Any CPU.Build.0 = Release|Any CPU
		{C9C941DF-9B1F-4138-9796-F958C8EEAF06}.Debug|Any CPU.ActiveCfg = Debug|Any CPU
		{C9C941DF-9B1F-4138-9796-F958C8EEAF06}.Debug|Any CPU.Build.0 = Debug|Any CPU
		{C9C941DF-9B1F-4138-9796-F958C8EEAF06}.Release|Any CPU.ActiveCfg = Release|Any CPU
		{C9C941DF-9B1F-4138-9796-F958C8EEAF06}.Release|Any CPU.Build.0 = Release|Any CPU
		{EB90737F-456B-4037-9621-8108C635CA1D}.Debug|Any CPU.ActiveCfg = Debug|Any CPU
		{EB90737F-456B-4037-9621-8108C635CA1D}.Debug|Any CPU.Build.0 = Debug|Any CPU
		{EB90737F-456B-4037-9621-8108C635CA1D}.Release|Any CPU.ActiveCfg = Release|Any CPU
		{EB90737F-456B-4037-9621-8108C635CA1D}.Release|Any CPU.Build.0 = Release|Any CPU
		{BD08402F-FCD4-4D34-9FD9-B6E6589A9F28}.Debug|Any CPU.ActiveCfg = Debug|Any CPU
		{BD08402F-FCD4-4D34-9FD9-B6E6589A9F28}.Debug|Any CPU.Build.0 = Debug|Any CPU
		{BD08402F-FCD4-4D34-9FD9-B6E6589A9F28}.Release|Any CPU.ActiveCfg = Release|Any CPU
		{BD08402F-FCD4-4D34-9FD9-B6E6589A9F28}.Release|Any CPU.Build.0 = Release|Any CPU
		{50B1954E-DFDF-40FB-BA86-E9AC98FB682A}.Debug|Any CPU.ActiveCfg = Debug|Any CPU
		{50B1954E-DFDF-40FB-BA86-E9AC98FB682A}.Debug|Any CPU.Build.0 = Debug|Any CPU
		{50B1954E-DFDF-40FB-BA86-E9AC98FB682A}.Release|Any CPU.ActiveCfg = Release|Any CPU
		{50B1954E-DFDF-40FB-BA86-E9AC98FB682A}.Release|Any CPU.Build.0 = Release|Any CPU
		{4ECD3479-DE02-4B15-885C-0D541668C1F9}.Debug|Any CPU.ActiveCfg = Debug|Any CPU
		{4ECD3479-DE02-4B15-885C-0D541668C1F9}.Debug|Any CPU.Build.0 = Debug|Any CPU
		{4ECD3479-DE02-4B15-885C-0D541668C1F9}.Release|Any CPU.ActiveCfg = Release|Any CPU
		{4ECD3479-DE02-4B15-885C-0D541668C1F9}.Release|Any CPU.Build.0 = Release|Any CPU
		{1D74A6A5-BAE2-4ABA-981E-4ED131A1A455}.Debug|Any CPU.ActiveCfg = Debug|Any CPU
		{1D74A6A5-BAE2-4ABA-981E-4ED131A1A455}.Debug|Any CPU.Build.0 = Debug|Any CPU
		{1D74A6A5-BAE2-4ABA-981E-4ED131A1A455}.Release|Any CPU.ActiveCfg = Release|Any CPU
		{1D74A6A5-BAE2-4ABA-981E-4ED131A1A455}.Release|Any CPU.Build.0 = Release|Any CPU
		{02F6B7CB-034A-4B8F-8D71-C1E232AD09FC}.Debug|Any CPU.ActiveCfg = Debug|Any CPU
		{02F6B7CB-034A-4B8F-8D71-C1E232AD09FC}.Debug|Any CPU.Build.0 = Debug|Any CPU
		{02F6B7CB-034A-4B8F-8D71-C1E232AD09FC}.Release|Any CPU.ActiveCfg = Release|Any CPU
		{02F6B7CB-034A-4B8F-8D71-C1E232AD09FC}.Release|Any CPU.Build.0 = Release|Any CPU
		{1C28F694-4B34-4787-8984-8F12BD1AECB1}.Debug|Any CPU.ActiveCfg = Debug|Any CPU
		{1C28F694-4B34-4787-8984-8F12BD1AECB1}.Debug|Any CPU.Build.0 = Debug|Any CPU
		{1C28F694-4B34-4787-8984-8F12BD1AECB1}.Release|Any CPU.ActiveCfg = Release|Any CPU
		{1C28F694-4B34-4787-8984-8F12BD1AECB1}.Release|Any CPU.Build.0 = Release|Any CPU
		{4597700B-A424-4B0C-A749-DD19AF7BEB9E}.Debug|Any CPU.ActiveCfg = Debug|Any CPU
		{4597700B-A424-4B0C-A749-DD19AF7BEB9E}.Debug|Any CPU.Build.0 = Debug|Any CPU
		{4597700B-A424-4B0C-A749-DD19AF7BEB9E}.Release|Any CPU.ActiveCfg = Release|Any CPU
		{4597700B-A424-4B0C-A749-DD19AF7BEB9E}.Release|Any CPU.Build.0 = Release|Any CPU
		{67EA7A44-913F-4530-A7D5-D5F28AE1BDC2}.Debug|Any CPU.ActiveCfg = Debug|Any CPU
		{67EA7A44-913F-4530-A7D5-D5F28AE1BDC2}.Debug|Any CPU.Build.0 = Debug|Any CPU
		{67EA7A44-913F-4530-A7D5-D5F28AE1BDC2}.Release|Any CPU.ActiveCfg = Release|Any CPU
		{67EA7A44-913F-4530-A7D5-D5F28AE1BDC2}.Release|Any CPU.Build.0 = Release|Any CPU
		{3F5CF083-D82E-42D9-8894-59B1110E7553}.Debug|Any CPU.ActiveCfg = Debug|Any CPU
		{3F5CF083-D82E-42D9-8894-59B1110E7553}.Debug|Any CPU.Build.0 = Debug|Any CPU
		{3F5CF083-D82E-42D9-8894-59B1110E7553}.Release|Any CPU.ActiveCfg = Release|Any CPU
		{3F5CF083-D82E-42D9-8894-59B1110E7553}.Release|Any CPU.Build.0 = Release|Any CPU
		{681DAA19-B479-4587-83DF-CCFD15F185E6}.Debug|Any CPU.ActiveCfg = Debug|Any CPU
		{681DAA19-B479-4587-83DF-CCFD15F185E6}.Debug|Any CPU.Build.0 = Debug|Any CPU
		{681DAA19-B479-4587-83DF-CCFD15F185E6}.Release|Any CPU.ActiveCfg = Release|Any CPU
		{681DAA19-B479-4587-83DF-CCFD15F185E6}.Release|Any CPU.Build.0 = Release|Any CPU
		{CFBAF42F-52CE-4249-872D-5FAD492CD054}.Debug|Any CPU.ActiveCfg = Debug|Any CPU
		{CFBAF42F-52CE-4249-872D-5FAD492CD054}.Debug|Any CPU.Build.0 = Debug|Any CPU
		{CFBAF42F-52CE-4249-872D-5FAD492CD054}.Release|Any CPU.ActiveCfg = Release|Any CPU
		{CFBAF42F-52CE-4249-872D-5FAD492CD054}.Release|Any CPU.Build.0 = Release|Any CPU
		{987F28F6-F210-4EA6-AB57-B3E6B13A76D4}.Debug|Any CPU.ActiveCfg = Debug|Any CPU
		{987F28F6-F210-4EA6-AB57-B3E6B13A76D4}.Debug|Any CPU.Build.0 = Debug|Any CPU
		{987F28F6-F210-4EA6-AB57-B3E6B13A76D4}.Release|Any CPU.ActiveCfg = Release|Any CPU
		{987F28F6-F210-4EA6-AB57-B3E6B13A76D4}.Release|Any CPU.Build.0 = Release|Any CPU
		{291700AA-FF66-435C-9148-1DE03398A959}.Debug|Any CPU.ActiveCfg = Debug|Any CPU
		{291700AA-FF66-435C-9148-1DE03398A959}.Debug|Any CPU.Build.0 = Debug|Any CPU
		{291700AA-FF66-435C-9148-1DE03398A959}.Release|Any CPU.ActiveCfg = Release|Any CPU
		{291700AA-FF66-435C-9148-1DE03398A959}.Release|Any CPU.Build.0 = Release|Any CPU
		{4A1E98FF-D835-495F-9E21-47F20528DD4F}.Debug|Any CPU.ActiveCfg = Debug|Any CPU
		{4A1E98FF-D835-495F-9E21-47F20528DD4F}.Debug|Any CPU.Build.0 = Debug|Any CPU
		{4A1E98FF-D835-495F-9E21-47F20528DD4F}.Release|Any CPU.ActiveCfg = Release|Any CPU
		{4A1E98FF-D835-495F-9E21-47F20528DD4F}.Release|Any CPU.Build.0 = Release|Any CPU
		{CDBFCE03-A1F4-4542-8C5D-502685763C8D}.Debug|Any CPU.ActiveCfg = Debug|Any CPU
		{CDBFCE03-A1F4-4542-8C5D-502685763C8D}.Debug|Any CPU.Build.0 = Debug|Any CPU
		{CDBFCE03-A1F4-4542-8C5D-502685763C8D}.Release|Any CPU.ActiveCfg = Release|Any CPU
		{CDBFCE03-A1F4-4542-8C5D-502685763C8D}.Release|Any CPU.Build.0 = Release|Any CPU
		{AD56969B-980D-4440-A7FE-27A3BC2F766A}.Debug|Any CPU.ActiveCfg = Debug|Any CPU
		{AD56969B-980D-4440-A7FE-27A3BC2F766A}.Debug|Any CPU.Build.0 = Debug|Any CPU
		{AD56969B-980D-4440-A7FE-27A3BC2F766A}.Release|Any CPU.ActiveCfg = Release|Any CPU
		{AD56969B-980D-4440-A7FE-27A3BC2F766A}.Release|Any CPU.Build.0 = Release|Any CPU
		{330E6C89-894E-4145-A9D8-1B1537892545}.Debug|Any CPU.ActiveCfg = Debug|Any CPU
		{330E6C89-894E-4145-A9D8-1B1537892545}.Debug|Any CPU.Build.0 = Debug|Any CPU
		{330E6C89-894E-4145-A9D8-1B1537892545}.Release|Any CPU.ActiveCfg = Release|Any CPU
		{330E6C89-894E-4145-A9D8-1B1537892545}.Release|Any CPU.Build.0 = Release|Any CPU
		{0425A0D9-F1F5-4949-8094-B5BE5073D912}.Debug|Any CPU.ActiveCfg = Debug|Any CPU
		{0425A0D9-F1F5-4949-8094-B5BE5073D912}.Debug|Any CPU.Build.0 = Debug|Any CPU
		{0425A0D9-F1F5-4949-8094-B5BE5073D912}.Release|Any CPU.ActiveCfg = Release|Any CPU
		{0425A0D9-F1F5-4949-8094-B5BE5073D912}.Release|Any CPU.Build.0 = Release|Any CPU
		{263BDCB5-8562-4127-9C81-293C716AB794}.Debug|Any CPU.ActiveCfg = Debug|Any CPU
		{263BDCB5-8562-4127-9C81-293C716AB794}.Debug|Any CPU.Build.0 = Debug|Any CPU
		{263BDCB5-8562-4127-9C81-293C716AB794}.Release|Any CPU.ActiveCfg = Release|Any CPU
		{263BDCB5-8562-4127-9C81-293C716AB794}.Release|Any CPU.Build.0 = Release|Any CPU
		{1764E367-B733-43ED-A97B-D9AC4C2A356E}.Debug|Any CPU.ActiveCfg = Debug|Any CPU
		{1764E367-B733-43ED-A97B-D9AC4C2A356E}.Debug|Any CPU.Build.0 = Debug|Any CPU
		{1764E367-B733-43ED-A97B-D9AC4C2A356E}.Release|Any CPU.ActiveCfg = Release|Any CPU
		{1764E367-B733-43ED-A97B-D9AC4C2A356E}.Release|Any CPU.Build.0 = Release|Any CPU
		{3085E5BC-7727-4931-8511-D190EE57B74D}.Debug|Any CPU.ActiveCfg = Debug|Any CPU
		{3085E5BC-7727-4931-8511-D190EE57B74D}.Debug|Any CPU.Build.0 = Debug|Any CPU
		{3085E5BC-7727-4931-8511-D190EE57B74D}.Release|Any CPU.ActiveCfg = Release|Any CPU
		{3085E5BC-7727-4931-8511-D190EE57B74D}.Release|Any CPU.Build.0 = Release|Any CPU
		{2A82A033-E094-4AFD-845E-164DB02832E1}.Debug|Any CPU.ActiveCfg = Debug|Any CPU
		{2A82A033-E094-4AFD-845E-164DB02832E1}.Debug|Any CPU.Build.0 = Debug|Any CPU
		{2A82A033-E094-4AFD-845E-164DB02832E1}.Release|Any CPU.ActiveCfg = Release|Any CPU
		{2A82A033-E094-4AFD-845E-164DB02832E1}.Release|Any CPU.Build.0 = Release|Any CPU
		{9A6F3F5C-169D-4E58-BE28-B28C0078AC1A}.Debug|Any CPU.ActiveCfg = Debug|Any CPU
		{9A6F3F5C-169D-4E58-BE28-B28C0078AC1A}.Debug|Any CPU.Build.0 = Debug|Any CPU
		{9A6F3F5C-169D-4E58-BE28-B28C0078AC1A}.Release|Any CPU.ActiveCfg = Release|Any CPU
		{9A6F3F5C-169D-4E58-BE28-B28C0078AC1A}.Release|Any CPU.Build.0 = Release|Any CPU
		{6D4C5495-81AB-4EE9-9CC5-00B47CCDDCD1}.Debug|Any CPU.ActiveCfg = Debug|Any CPU
		{6D4C5495-81AB-4EE9-9CC5-00B47CCDDCD1}.Debug|Any CPU.Build.0 = Debug|Any CPU
		{6D4C5495-81AB-4EE9-9CC5-00B47CCDDCD1}.Release|Any CPU.ActiveCfg = Release|Any CPU
		{6D4C5495-81AB-4EE9-9CC5-00B47CCDDCD1}.Release|Any CPU.Build.0 = Release|Any CPU
		{07302B2A-2AE4-4476-91AA-F62E7FC1D401}.Debug|Any CPU.ActiveCfg = Debug|Any CPU
		{07302B2A-2AE4-4476-91AA-F62E7FC1D401}.Debug|Any CPU.Build.0 = Debug|Any CPU
		{07302B2A-2AE4-4476-91AA-F62E7FC1D401}.Release|Any CPU.ActiveCfg = Release|Any CPU
		{07302B2A-2AE4-4476-91AA-F62E7FC1D401}.Release|Any CPU.Build.0 = Release|Any CPU
		{A851A024-B585-4A6A-92DD-6F3BA5AFECCC}.Debug|Any CPU.ActiveCfg = Debug|Any CPU
		{A851A024-B585-4A6A-92DD-6F3BA5AFECCC}.Debug|Any CPU.Build.0 = Debug|Any CPU
		{A851A024-B585-4A6A-92DD-6F3BA5AFECCC}.Release|Any CPU.ActiveCfg = Release|Any CPU
		{A851A024-B585-4A6A-92DD-6F3BA5AFECCC}.Release|Any CPU.Build.0 = Release|Any CPU
		{57C25AF7-6398-43EF-89C2-69D5FC6354AF}.Debug|Any CPU.ActiveCfg = Debug|Any CPU
		{57C25AF7-6398-43EF-89C2-69D5FC6354AF}.Debug|Any CPU.Build.0 = Debug|Any CPU
		{57C25AF7-6398-43EF-89C2-69D5FC6354AF}.Release|Any CPU.ActiveCfg = Release|Any CPU
		{57C25AF7-6398-43EF-89C2-69D5FC6354AF}.Release|Any CPU.Build.0 = Release|Any CPU
	EndGlobalSection
	GlobalSection(SolutionProperties) = preSolution
		HideSolutionNode = FALSE
	EndGlobalSection
	GlobalSection(ExtensibilityGlobals) = postSolution
		SolutionGuid = {2CCA02C0-0A3B-4D0B-B1CC-B8C9DBA2C6C7}
	EndGlobalSection
EndGlobal
